
Microsoft Visual Studio Solution File, Format Version 12.00
# Visual Studio Version 17
VisualStudioVersion = 17.14.36414.22
MinimumVisualStudioVersion = 10.0.40219.1
Project("{FAE04EC0-301F-11D3-BF4B-00C04F79EFBC}") = "QLXevaLaiXe", "QLXevaLaiXe\QLXevaLaiXe.csproj", "{6C3FDA6B-0364-4F29-90DE-FC7914195370}"
EndProject
Global
	GlobalSection(SolutionConfigurationPlatforms) = preSolution
		Debug|Any CPU = Debug|Any CPU
		Release|Any CPU = Release|Any CPU
	EndGlobalSection
	GlobalSection(ProjectConfigurationPlatforms) = postSolution
		{6C3FDA6B-0364-4F29-90DE-FC7914195370}.Debug|Any CPU.ActiveCfg = Debug|Any CPU
		{6C3FDA6B-0364-4F29-90DE-FC7914195370}.Debug|Any CPU.Build.0 = Debug|Any CPU
		{6C3FDA6B-0364-4F29-90DE-FC7914195370}.Release|Any CPU.ActiveCfg = Release|Any CPU
		{6C3FDA6B-0364-4F29-90DE-FC7914195370}.Release|Any CPU.Build.0 = Release|Any CPU
	EndGlobalSection
	GlobalSection(SolutionProperties) = preSolution
		HideSolutionNode = FALSE
	EndGlobalSection
	GlobalSection(ExtensibilityGlobals) = postSolution
		SolutionGuid = {8C03CF0A-AFCE-40BE-BBCC-04A8383CD34F}
	EndGlobalSection
EndGlobal
